
Microsoft Visual Studio Solution File, Format Version 12.00
# Visual Studio 2012
Project("{FAE04EC0-301F-11D3-BF4B-00C04F79EFBC}") = "App.UI.Web", "App.UI.Web\App.UI.Web.csproj", "{88844572-20DF-4140-B61D-0A4685D40ADD}"
EndProject
Project("{2150E333-8FDC-42A3-9474-1A3956D46DE8}") = "01-UI", "01-UI", "{3DF5B5CC-C85C-4C05-B059-7251740FFC70}"
EndProject
Project("{2150E333-8FDC-42A3-9474-1A3956D46DE8}") = "02-Business", "02-Business", "{211464AD-60BA-4468-BCA0-34A2FB60FEC4}"
EndProject
Project("{2150E333-8FDC-42A3-9474-1A3956D46DE8}") = "03-Test", "03-Test", "{CE2339BF-0869-4B0E-A3BF-E615DD647BD7}"
EndProject
Project("{FAE04EC0-301F-11D3-BF4B-00C04F79EFBC}") = "App.Business", "App.Business\App.Business.csproj", "{AE6F333B-A4DF-4EA9-853D-9110BAC5D26E}"
EndProject
Global
	GlobalSection(SolutionConfigurationPlatforms) = preSolution
		Debug|Any CPU = Debug|Any CPU
		Release|Any CPU = Release|Any CPU
		Staging|Any CPU = Staging|Any CPU
		TEST|Any CPU = TEST|Any CPU
		UAT|Any CPU = UAT|Any CPU
	EndGlobalSection
	GlobalSection(ProjectConfigurationPlatforms) = postSolution
		{88844572-20DF-4140-B61D-0A4685D40ADD}.Debug|Any CPU.ActiveCfg = Debug|Any CPU
		{88844572-20DF-4140-B61D-0A4685D40ADD}.Debug|Any CPU.Build.0 = Debug|Any CPU
		{88844572-20DF-4140-B61D-0A4685D40ADD}.Release|Any CPU.ActiveCfg = Release|Any CPU
		{88844572-20DF-4140-B61D-0A4685D40ADD}.Release|Any CPU.Build.0 = Release|Any CPU
		{88844572-20DF-4140-B61D-0A4685D40ADD}.Staging|Any CPU.ActiveCfg = Staging|Any CPU
		{88844572-20DF-4140-B61D-0A4685D40ADD}.Staging|Any CPU.Build.0 = Staging|Any CPU
		{88844572-20DF-4140-B61D-0A4685D40ADD}.TEST|Any CPU.ActiveCfg = TEST|Any CPU
		{88844572-20DF-4140-B61D-0A4685D40ADD}.TEST|Any CPU.Build.0 = TEST|Any CPU
		{88844572-20DF-4140-B61D-0A4685D40ADD}.UAT|Any CPU.ActiveCfg = UAT|Any CPU
		{88844572-20DF-4140-B61D-0A4685D40ADD}.UAT|Any CPU.Build.0 = UAT|Any CPU
		{AE6F333B-A4DF-4EA9-853D-9110BAC5D26E}.Debug|Any CPU.ActiveCfg = Debug|Any CPU
		{AE6F333B-A4DF-4EA9-853D-9110BAC5D26E}.Debug|Any CPU.Build.0 = Debug|Any CPU
		{AE6F333B-A4DF-4EA9-853D-9110BAC5D26E}.Release|Any CPU.ActiveCfg = Release|Any CPU
		{AE6F333B-A4DF-4EA9-853D-9110BAC5D26E}.Release|Any CPU.Build.0 = Release|Any CPU
		{AE6F333B-A4DF-4EA9-853D-9110BAC5D26E}.Staging|Any CPU.ActiveCfg = Staging|Any CPU
		{AE6F333B-A4DF-4EA9-853D-9110BAC5D26E}.Staging|Any CPU.Build.0 = Staging|Any CPU
		{AE6F333B-A4DF-4EA9-853D-9110BAC5D26E}.TEST|Any CPU.ActiveCfg = TEST|Any CPU
		{AE6F333B-A4DF-4EA9-853D-9110BAC5D26E}.TEST|Any CPU.Build.0 = TEST|Any CPU
		{AE6F333B-A4DF-4EA9-853D-9110BAC5D26E}.UAT|Any CPU.ActiveCfg = UAT|Any CPU
		{AE6F333B-A4DF-4EA9-853D-9110BAC5D26E}.UAT|Any CPU.Build.0 = UAT|Any CPU
	EndGlobalSection
	GlobalSection(SolutionProperties) = preSolution
		HideSolutionNode = FALSE
	EndGlobalSection
	GlobalSection(NestedProjects) = preSolution
		{88844572-20DF-4140-B61D-0A4685D40ADD} = {3DF5B5CC-C85C-4C05-B059-7251740FFC70}
		{AE6F333B-A4DF-4EA9-853D-9110BAC5D26E} = {211464AD-60BA-4468-BCA0-34A2FB60FEC4}
	EndGlobalSection
EndGlobal
